
Microsoft Visual Studio Solution File, Format Version 12.00
# Visual Studio Version 16
VisualStudioVersion = 16.0.810.21
MinimumVisualStudioVersion = 10.0.40219.1
Project("{FAE04EC0-301F-11D3-BF4B-00C04F79EFBC}") = "ConsoleApp", "ConsoleApp\ConsoleApp.csproj", "{6E5B040C-A28A-492E-A8F0-6D48BAB9D1F3}"
EndProject
Global
	GlobalSection(SolutionConfigurationPlatforms) = preSolution
		Debug|Any CPU = Debug|Any CPU
		Release|Any CPU = Release|Any CPU
	EndGlobalSection
	GlobalSection(ProjectConfigurationPlatforms) = postSolution
		{6E5B040C-A28A-492E-A8F0-6D48BAB9D1F3}.Debug|Any CPU.ActiveCfg = Debug|Any CPU
		{6E5B040C-A28A-492E-A8F0-6D48BAB9D1F3}.Debug|Any CPU.Build.0 = Debug|Any CPU
		{6E5B040C-A28A-492E-A8F0-6D48BAB9D1F3}.Release|Any CPU.ActiveCfg = Release|Any CPU
		{6E5B040C-A28A-492E-A8F0-6D48BAB9D1F3}.Release|Any CPU.Build.0 = Release|Any CPU
	EndGlobalSection
	GlobalSection(SolutionProperties) = preSolution
		HideSolutionNode = FALSE
	EndGlobalSection
	GlobalSection(ExtensibilityGlobals) = postSolution
		SolutionGuid = {A5A51152-645B-4435-AC25-8F8583D72206}
	EndGlobalSection
EndGlobal
